// !$*UTF8*$!
{
	archiveVersion = 1;
	classes = {
	};
	objectVersion = 56;
	objects = {

/* Begin PBXBuildFile section */
		D29236022B2C6EA400E2E0DF /* AppDelegate.swift in Sources */ = {isa = PBXBuildFile; fileRef = D29236012B2C6EA400E2E0DF /* AppDelegate.swift */; };
		D29236042B2C6EA400E2E0DF /* SceneDelegate.swift in Sources */ = {isa = PBXBuildFile; fileRef = D29236032B2C6EA400E2E0DF /* SceneDelegate.swift */; };
		D29236092B2C6EA400E2E0DF /* Main.storyboard in Resources */ = {isa = PBXBuildFile; fileRef = D29236072B2C6EA400E2E0DF /* Main.storyboard */; };
		D292360B2B2C6EA500E2E0DF /* Assets.xcassets in Resources */ = {isa = PBXBuildFile; fileRef = D292360A2B2C6EA500E2E0DF /* Assets.xcassets */; };
		D292360E2B2C6EA500E2E0DF /* LaunchScreen.storyboard in Resources */ = {isa = PBXBuildFile; fileRef = D292360C2B2C6EA500E2E0DF /* LaunchScreen.storyboard */; };
		D292361B2B2C6FD700E2E0DF /* Person.swift in Sources */ = {isa = PBXBuildFile; fileRef = D292361A2B2C6FD700E2E0DF /* Person.swift */; };
		D292361D2B2C71B100E2E0DF /* DataStore.swift in Sources */ = {isa = PBXBuildFile; fileRef = D292361C2B2C71B100E2E0DF /* DataStore.swift */; };
		D292361F2B2C76C200E2E0DF /* PersonsListViewController.swift in Sources */ = {isa = PBXBuildFile; fileRef = D292361E2B2C76C200E2E0DF /* PersonsListViewController.swift */; };
		D29236222B2C77BD00E2E0DF /* PersonDetailsViewController.swift in Sources */ = {isa = PBXBuildFile; fileRef = D29236212B2C77BD00E2E0DF /* PersonDetailsViewController.swift */; };
/* End PBXBuildFile section */

/* Begin PBXFileReference section */
		D29235FE2B2C6EA400E2E0DF /* ContactList.app */ = {isa = PBXFileReference; explicitFileType = wrapper.application; includeInIndex = 0; path = ContactList.app; sourceTree = BUILT_PRODUCTS_DIR; };
		D29236012B2C6EA400E2E0DF /* AppDelegate.swift */ = {isa = PBXFileReference; lastKnownFileType = sourcecode.swift; path = AppDelegate.swift; sourceTree = "<group>"; };
		D29236032B2C6EA400E2E0DF /* SceneDelegate.swift */ = {isa = PBXFileReference; lastKnownFileType = sourcecode.swift; path = SceneDelegate.swift; sourceTree = "<group>"; };
		D29236082B2C6EA400E2E0DF /* Base */ = {isa = PBXFileReference; lastKnownFileType = file.storyboard; name = Base; path = Base.lproj/Main.storyboard; sourceTree = "<group>"; };
		D292360A2B2C6EA500E2E0DF /* Assets.xcassets */ = {isa = PBXFileReference; lastKnownFileType = folder.assetcatalog; path = Assets.xcassets; sourceTree = "<group>"; };
		D292360D2B2C6EA500E2E0DF /* Base */ = {isa = PBXFileReference; lastKnownFileType = file.storyboard; name = Base; path = Base.lproj/LaunchScreen.storyboard; sourceTree = "<group>"; };
		D292360F2B2C6EA500E2E0DF /* Info.plist */ = {isa = PBXFileReference; lastKnownFileType = text.plist.xml; path = Info.plist; sourceTree = "<group>"; };
		D292361A2B2C6FD700E2E0DF /* Person.swift */ = {isa = PBXFileReference; lastKnownFileType = sourcecode.swift; path = Person.swift; sourceTree = "<group>"; };
		D292361C2B2C71B100E2E0DF /* DataStore.swift */ = {isa = PBXFileReference; lastKnownFileType = sourcecode.swift; path = DataStore.swift; sourceTree = "<group>"; };
		D292361E2B2C76C200E2E0DF /* PersonsListViewController.swift */ = {isa = PBXFileReference; lastKnownFileType = sourcecode.swift; path = PersonsListViewController.swift; sourceTree = "<group>"; };
		D29236212B2C77BD00E2E0DF /* PersonDetailsViewController.swift */ = {isa = PBXFileReference; lastKnownFileType = sourcecode.swift; path = PersonDetailsViewController.swift; sourceTree = "<group>"; };
/* End PBXFileReference section */

/* Begin PBXFrameworksBuildPhase section */
		D29235FB2B2C6EA400E2E0DF /* Frameworks */ = {
			isa = PBXFrameworksBuildPhase;
			buildActionMask = 2147483647;
			files = (
			);
			runOnlyForDeploymentPostprocessing = 0;
		};
/* End PBXFrameworksBuildPhase section */

/* Begin PBXGroup section */
		D29235F52B2C6EA400E2E0DF = {
			isa = PBXGroup;
			children = (
				D29236002B2C6EA400E2E0DF /* ContactList */,
				D29235FF2B2C6EA400E2E0DF /* Products */,
			);
			sourceTree = "<group>";
		};
		D29235FF2B2C6EA400E2E0DF /* Products */ = {
			isa = PBXGroup;
			children = (
				D29235FE2B2C6EA400E2E0DF /* ContactList.app */,
			);
			name = Products;
			sourceTree = "<group>";
		};
		D29236002B2C6EA400E2E0DF /* ContactList */ = {
			isa = PBXGroup;
			children = (
				D29236182B2C6EF700E2E0DF /* ViewControllers */,
				D29236172B2C6EED00E2E0DF /* Models */,
				D29236192B2C6F0300E2E0DF /* Services */,
				D29236162B2C6EDF00E2E0DF /* Storyboards */,
				D29236152B2C6ED500E2E0DF /* App */,
				D292360A2B2C6EA500E2E0DF /* Assets.xcassets */,
			);
			path = ContactList;
			sourceTree = "<group>";
		};
		D29236152B2C6ED500E2E0DF /* App */ = {
			isa = PBXGroup;
			children = (
				D29236012B2C6EA400E2E0DF /* AppDelegate.swift */,
				D29236032B2C6EA400E2E0DF /* SceneDelegate.swift */,
				D292360F2B2C6EA500E2E0DF /* Info.plist */,
			);
			path = App;
			sourceTree = "<group>";
		};
		D29236162B2C6EDF00E2E0DF /* Storyboards */ = {
			isa = PBXGroup;
			children = (
				D29236072B2C6EA400E2E0DF /* Main.storyboard */,
				D292360C2B2C6EA500E2E0DF /* LaunchScreen.storyboard */,
			);
			path = Storyboards;
			sourceTree = "<group>";
		};
		D29236172B2C6EED00E2E0DF /* Models */ = {
			isa = PBXGroup;
			children = (
				D292361A2B2C6FD700E2E0DF /* Person.swift */,
			);
			path = Models;
			sourceTree = "<group>";
		};
		D29236182B2C6EF700E2E0DF /* ViewControllers */ = {
			isa = PBXGroup;
			children = (
				D292361E2B2C76C200E2E0DF /* PersonsListViewController.swift */,
				D29236212B2C77BD00E2E0DF /* PersonDetailsViewController.swift */,
			);
			path = ViewControllers;
			sourceTree = "<group>";
		};
		D29236192B2C6F0300E2E0DF /* Services */ = {
			isa = PBXGroup;
			children = (
				D292361C2B2C71B100E2E0DF /* DataStore.swift */,
			);
			path = Services;
			sourceTree = "<group>";
		};
/* End PBXGroup section */

/* Begin PBXNativeTarget section */
		D29235FD2B2C6EA400E2E0DF /* ContactList */ = {
			isa = PBXNativeTarget;
			buildConfigurationList = D29236122B2C6EA500E2E0DF /* Build configuration list for PBXNativeTarget "ContactList" */;
			buildPhases = (
				D29235FA2B2C6EA400E2E0DF /* Sources */,
				D29235FB2B2C6EA400E2E0DF /* Frameworks */,
				D29235FC2B2C6EA400E2E0DF /* Resources */,
			);
			buildRules = (
			);
			dependencies = (
			);
			name = ContactList;
			productName = ContactList;
			productReference = D29235FE2B2C6EA400E2E0DF /* ContactList.app */;
			productType = "com.apple.product-type.application";
		};
/* End PBXNativeTarget section */

/* Begin PBXProject section */
		D29235F62B2C6EA400E2E0DF /* Project object */ = {
			isa = PBXProject;
			attributes = {
				BuildIndependentTargetsInParallel = 1;
				LastSwiftUpdateCheck = 1500;
				LastUpgradeCheck = 1500;
				TargetAttributes = {
					D29235FD2B2C6EA400E2E0DF = {
						CreatedOnToolsVersion = 15.0.1;
					};
				};
			};
			buildConfigurationList = D29235F92B2C6EA400E2E0DF /* Build configuration list for PBXProject "ContactList" */;
			compatibilityVersion = "Xcode 14.0";
			developmentRegion = en;
			hasScannedForEncodings = 0;
			knownRegions = (
				en,
				Base,
			);
			mainGroup = D29235F52B2C6EA400E2E0DF;
			productRefGroup = D29235FF2B2C6EA400E2E0DF /* Products */;
			projectDirPath = "";
			projectRoot = "";
			targets = (
				D29235FD2B2C6EA400E2E0DF /* ContactList */,
			);
		};
/* End PBXProject section */

/* Begin PBXResourcesBuildPhase section */
		D29235FC2B2C6EA400E2E0DF /* Resources */ = {
			isa = PBXResourcesBuildPhase;
			buildActionMask = 2147483647;
			files = (
				D292360E2B2C6EA500E2E0DF /* LaunchScreen.storyboard in Resources */,
				D292360B2B2C6EA500E2E0DF /* Assets.xcassets in Resources */,
				D29236092B2C6EA400E2E0DF /* Main.storyboard in Resources */,
			);
			runOnlyForDeploymentPostprocessing = 0;
		};
/* End PBXResourcesBuildPhase section */

/* Begin PBXSourcesBuildPhase section */
		D29235FA2B2C6EA400E2E0DF /* Sources */ = {
			isa = PBXSourcesBuildPhase;
			buildActionMask = 2147483647;
			files = (
				D29236022B2C6EA400E2E0DF /* AppDelegate.swift in Sources */,
				D292361F2B2C76C200E2E0DF /* PersonsListViewController.swift in Sources */,
				D29236222B2C77BD00E2E0DF /* PersonDetailsViewController.swift in Sources */,
				D292361B2B2C6FD700E2E0DF /* Person.swift in Sources */,
				D292361D2B2C71B100E2E0DF /* DataStore.swift in Sources */,
				D29236042B2C6EA400E2E0DF /* SceneDelegate.swift in Sources */,
			);
			runOnlyForDeploymentPostprocessing = 0;
		};
/* End PBXSourcesBuildPhase section */

/* Begin PBXVariantGroup section */
		D29236072B2C6EA400E2E0DF /* Main.storyboard */ = {
			isa = PBXVariantGroup;
			children = (
				D29236082B2C6EA400E2E0DF /* Base */,
			);
			name = Main.storyboard;
			sourceTree = "<group>";
		};
		D292360C2B2C6EA500E2E0DF /* LaunchScreen.storyboard */ = {
			isa = PBXVariantGroup;
			children = (
				D292360D2B2C6EA500E2E0DF /* Base */,
			);
			name = LaunchScreen.storyboard;
			sourceTree = "<group>";
		};
/* End PBXVariantGroup section */

/* Begin XCBuildConfiguration section */
		D29236102B2C6EA500E2E0DF /* Debug */ = {
			isa = XCBuildConfiguration;
			buildSettings = {
				ALWAYS_SEARCH_USER_PATHS = NO;
				ASSETCATALOG_COMPILER_GENERATE_SWIFT_ASSET_SYMBOL_EXTENSIONS = YES;
				CLANG_ANALYZER_NONNULL = YES;
				CLANG_ANALYZER_NUMBER_OBJECT_CONVERSION = YES_AGGRESSIVE;
				CLANG_CXX_LANGUAGE_STANDARD = "gnu++20";
				CLANG_ENABLE_MODULES = YES;
				CLANG_ENABLE_OBJC_ARC = YES;
				CLANG_ENABLE_OBJC_WEAK = YES;
				CLANG_WARN_BLOCK_CAPTURE_AUTORELEASING = YES;
				CLANG_WARN_BOOL_CONVERSION = YES;
				CLANG_WARN_COMMA = YES;
				CLANG_WARN_CONSTANT_CONVERSION = YES;
				CLANG_WARN_DEPRECATED_OBJC_IMPLEMENTATIONS = YES;
				CLANG_WARN_DIRECT_OBJC_ISA_USAGE = YES_ERROR;
				CLANG_WARN_DOCUMENTATION_COMMENTS = YES;
				CLANG_WARN_EMPTY_BODY = YES;
				CLANG_WARN_ENUM_CONVERSION = YES;
				CLANG_WARN_INFINITE_RECURSION = YES;
				CLANG_WARN_INT_CONVERSION = YES;
				CLANG_WARN_NON_LITERAL_NULL_CONVERSION = YES;
				CLANG_WARN_OBJC_IMPLICIT_RETAIN_SELF = YES;
				CLANG_WARN_OBJC_LITERAL_CONVERSION = YES;
				CLANG_WARN_OBJC_ROOT_CLASS = YES_ERROR;
				CLANG_WARN_QUOTED_INCLUDE_IN_FRAMEWORK_HEADER = YES;
				CLANG_WARN_RANGE_LOOP_ANALYSIS = YES;
				CLANG_WARN_STRICT_PROTOTYPES = YES;
				CLANG_WARN_SUSPICIOUS_MOVE = YES;
				CLANG_WARN_UNGUARDED_AVAILABILITY = YES_AGGRESSIVE;
				CLANG_WARN_UNREACHABLE_CODE = YES;
				CLANG_WARN__DUPLICATE_METHOD_MATCH = YES;
				COPY_PHASE_STRIP = NO;
				DEBUG_INFORMATION_FORMAT = dwarf;
				ENABLE_STRICT_OBJC_MSGSEND = YES;
				ENABLE_TESTABILITY = YES;
				ENABLE_USER_SCRIPT_SANDBOXING = YES;
				GCC_C_LANGUAGE_STANDARD = gnu17;
				GCC_DYNAMIC_NO_PIC = NO;
				GCC_NO_COMMON_BLOCKS = YES;
				GCC_OPTIMIZATION_LEVEL = 0;
				GCC_PREPROCESSOR_DEFINITIONS = (
					"DEBUG=1",
					"$(inherited)",
				);
				GCC_WARN_64_TO_32_BIT_CONVERSION = YES;
				GCC_WARN_ABOUT_RETURN_TYPE = YES_ERROR;
				GCC_WARN_UNDECLARED_SELECTOR = YES;
				GCC_WARN_UNINITIALIZED_AUTOS = YES_AGGRESSIVE;
				GCC_WARN_UNUSED_FUNCTION = YES;
				GCC_WARN_UNUSED_VARIABLE = YES;
				IPHONEOS_DEPLOYMENT_TARGET = 17.0;
				LOCALIZATION_PREFERS_STRING_CATALOGS = YES;
				MTL_ENABLE_DEBUG_INFO = INCLUDE_SOURCE;
				MTL_FAST_MATH = YES;
				ONLY_ACTIVE_ARCH = YES;
				SDKROOT = iphoneos;
				SWIFT_ACTIVE_COMPILATION_CONDITIONS = "DEBUG $(inherited)";
				SWIFT_OPTIMIZATION_LEVEL = "-Onone";
			};
			name = Debug;
		};
		D29236112B2C6EA500E2E0DF /* Release */ = {
			isa = XCBuildConfiguration;
			buildSettings = {
				ALWAYS_SEARCH_USER_PATHS = NO;
				ASSETCATALOG_COMPILER_GENERATE_SWIFT_ASSET_SYMBOL_EXTENSIONS = YES;
				CLANG_ANALYZER_NONNULL = YES;
				CLANG_ANALYZER_NUMBER_OBJECT_CONVERSION = YES_AGGRESSIVE;
				CLANG_CXX_LANGUAGE_STANDARD = "gnu++20";
				CLANG_ENABLE_MODULES = YES;
				CLANG_ENABLE_OBJC_ARC = YES;
				CLANG_ENABLE_OBJC_WEAK = YES;
				CLANG_WARN_BLOCK_CAPTURE_AUTORELEASING = YES;
				CLANG_WARN_BOOL_CONVERSION = YES;
				CLANG_WARN_COMMA = YES;
				CLANG_WARN_CONSTANT_CONVERSION = YES;
				CLANG_WARN_DEPRECATED_OBJC_IMPLEMENTATIONS = YES;
				CLANG_WARN_DIRECT_OBJC_ISA_USAGE = YES_ERROR;
				CLANG_WARN_DOCUMENTATION_COMMENTS = YES;
				CLANG_WARN_EMPTY_BODY = YES;
				CLANG_WARN_ENUM_CONVERSION = YES;
				CLANG_WARN_INFINITE_RECURSION = YES;
				CLANG_WARN_INT_CONVERSION = YES;
				CLANG_WARN_NON_LITERAL_NULL_CONVERSION = YES;
				CLANG_WARN_OBJC_IMPLICIT_RETAIN_SELF = YES;
				CLANG_WARN_OBJC_LITERAL_CONVERSION = YES;
				CLANG_WARN_OBJC_ROOT_CLASS = YES_ERROR;
				CLANG_WARN_QUOTED_INCLUDE_IN_FRAMEWORK_HEADER = YES;
				CLANG_WARN_RANGE_LOOP_ANALYSIS = YES;
				CLANG_WARN_STRICT_PROTOTYPES = YES;
				CLANG_WARN_SUSPICIOUS_MOVE = YES;
				CLANG_WARN_UNGUARDED_AVAILABILITY = YES_AGGRESSIVE;
				CLANG_WARN_UNREACHABLE_CODE = YES;
				CLANG_WARN__DUPLICATE_METHOD_MATCH = YES;
				COPY_PHASE_STRIP = NO;
				DEBUG_INFORMATION_FORMAT = "dwarf-with-dsym";
				ENABLE_NS_ASSERTIONS = NO;
				ENABLE_STRICT_OBJC_MSGSEND = YES;
				ENABLE_USER_SCRIPT_SANDBOXING = YES;
				GCC_C_LANGUAGE_STANDARD = gnu17;
				GCC_NO_COMMON_BLOCKS = YES;
				GCC_WARN_64_TO_32_BIT_CONVERSION = YES;
				GCC_WARN_ABOUT_RETURN_TYPE = YES_ERROR;
				GCC_WARN_UNDECLARED_SELECTOR = YES;
				GCC_WARN_UNINITIALIZED_AUTOS = YES_AGGRESSIVE;
				GCC_WARN_UNUSED_FUNCTION = YES;
				GCC_WARN_UNUSED_VARIABLE = YES;
				IPHONEOS_DEPLOYMENT_TARGET = 17.0;
				LOCALIZATION_PREFERS_STRING_CATALOGS = YES;
				MTL_ENABLE_DEBUG_INFO = NO;
				MTL_FAST_MATH = YES;
				SDKROOT = iphoneos;
				SWIFT_COMPILATION_MODE = wholemodule;
				VALIDATE_PRODUCT = YES;
			};
			name = Release;
		};
		D29236132B2C6EA500E2E0DF /* Debug */ = {
			isa = XCBuildConfiguration;
			buildSettings = {
				ASSETCATALOG_COMPILER_APPICON_NAME = AppIcon;
				ASSETCATALOG_COMPILER_GLOBAL_ACCENT_COLOR_NAME = AccentColor;
				CODE_SIGN_STYLE = Automatic;
				CURRENT_PROJECT_VERSION = 1;
				GENERATE_INFOPLIST_FILE = YES;
				INFOPLIST_FILE = ContactList/App/Info.plist;
				INFOPLIST_KEY_UIApplicationSupportsIndirectInputEvents = YES;
				INFOPLIST_KEY_UILaunchStoryboardName = LaunchScreen;
				INFOPLIST_KEY_UIMainStoryboardFile = Main;
				INFOPLIST_KEY_UISupportedInterfaceOrientations = UIInterfaceOrientationPortrait;
				INFOPLIST_KEY_UISupportedInterfaceOrientations_iPad = "UIInterfaceOrientationLandscapeLeft UIInterfaceOrientationLandscapeRight UIInterfaceOrientationPortrait UIInterfaceOrientationPortraitUpsideDown";
				LD_RUNPATH_SEARCH_PATHS = (
					"$(inherited)",
					"@executable_path/Frameworks",
				);
				MARKETING_VERSION = 1.0;
				PRODUCT_BUNDLE_IDENTIFIER = Penkov.ContactList;
				PRODUCT_NAME = "$(TARGET_NAME)";
				SUPPORTED_PLATFORMS = "iphoneos iphonesimulator";
				SUPPORTS_MACCATALYST = NO;
				SUPPORTS_MAC_DESIGNED_FOR_IPHONE_IPAD = NO;
				SWIFT_EMIT_LOC_STRINGS = YES;
				SWIFT_VERSION = 5.0;
				TARGETED_DEVICE_FAMILY = 1;
			};
			name = Debug;
		};
		D29236142B2C6EA500E2E0DF /* Release */ = {
			isa = XCBuildConfiguration;
			buildSettings = {
				ASSETCATALOG_COMPILER_APPICON_NAME = AppIcon;
				ASSETCATALOG_COMPILER_GLOBAL_ACCENT_COLOR_NAME = AccentColor;
				CODE_SIGN_STYLE = Automatic;
				CURRENT_PROJECT_VERSION = 1;
				GENERATE_INFOPLIST_FILE = YES;
				INFOPLIST_FILE = ContactList/App/Info.plist;
				INFOPLIST_KEY_UIApplicationSupportsIndirectInputEvents = YES;
				INFOPLIST_KEY_UILaunchStoryboardName = LaunchScreen;
				INFOPLIST_KEY_UIMainStoryboardFile = Main;
				INFOPLIST_KEY_UISupportedInterfaceOrientations = UIInterfaceOrientationPortrait;
				INFOPLIST_KEY_UISupportedInterfaceOrientations_iPad = "UIInterfaceOrientationLandscapeLeft UIInterfaceOrientationLandscapeRight UIInterfaceOrientationPortrait UIInterfaceOrientationPortraitUpsideDown";
				LD_RUNPATH_SEARCH_PATHS = (
					"$(inherited)",
					"@executable_path/Frameworks",
				);
				MARKETING_VERSION = 1.0;
				PRODUCT_BUNDLE_IDENTIFIER = Penkov.ContactList;
				PRODUCT_NAME = "$(TARGET_NAME)";
				SUPPORTED_PLATFORMS = "iphoneos iphonesimulator";
				SUPPORTS_MACCATALYST = NO;
				SUPPORTS_MAC_DESIGNED_FOR_IPHONE_IPAD = NO;
				SWIFT_EMIT_LOC_STRINGS = YES;
				SWIFT_VERSION = 5.0;
				TARGETED_DEVICE_FAMILY = 1;
			};
			name = Release;
		};
/* End XCBuildConfiguration section */

/* Begin XCConfigurationList section */
		D29235F92B2C6EA400E2E0DF /* Build configuration list for PBXProject "ContactList" */ = {
			isa = XCConfigurationList;
			buildConfigurations = (
				D29236102B2C6EA500E2E0DF /* Debug */,
				D29236112B2C6EA500E2E0DF /* Release */,
			);
			defaultConfigurationIsVisible = 0;
			defaultConfigurationName = Release;
		};
		D29236122B2C6EA500E2E0DF /* Build configuration list for PBXNativeTarget "ContactList" */ = {
			isa = XCConfigurationList;
			buildConfigurations = (
				D29236132B2C6EA500E2E0DF /* Debug */,
				D29236142B2C6EA500E2E0DF /* Release */,
			);
			defaultConfigurationIsVisible = 0;
			defaultConfigurationName = Release;
		};
/* End XCConfigurationList section */
	};
	rootObject = D29235F62B2C6EA400E2E0DF /* Project object */;
}
